
Microsoft Visual Studio Solution File, Format Version 12.00
# Visual Studio Version 16
VisualStudioVersion = 16.0.31321.278
MinimumVisualStudioVersion = 10.0.40219.1
Project("{FAE04EC0-301F-11D3-BF4B-00C04F79EFBC}") = "ProyectoFletes", "ProyectoFletes\ProyectoFletes.csproj", "{A472B19D-19FD-467E-A95E-0395FF4504FC}"
EndProject
Global
	GlobalSection(SolutionConfigurationPlatforms) = preSolution
		Debug|Any CPU = Debug|Any CPU
		Release|Any CPU = Release|Any CPU
	EndGlobalSection
	GlobalSection(ProjectConfigurationPlatforms) = postSolution
		{A472B19D-19FD-467E-A95E-0395FF4504FC}.Debug|Any CPU.ActiveCfg = Debug|Any CPU
		{A472B19D-19FD-467E-A95E-0395FF4504FC}.Debug|Any CPU.Build.0 = Debug|Any CPU
		{A472B19D-19FD-467E-A95E-0395FF4504FC}.Release|Any CPU.ActiveCfg = Release|Any CPU
		{A472B19D-19FD-467E-A95E-0395FF4504FC}.Release|Any CPU.Build.0 = Release|Any CPU
	EndGlobalSection
	GlobalSection(SolutionProperties) = preSolution
		HideSolutionNode = FALSE
	EndGlobalSection
	GlobalSection(ExtensibilityGlobals) = postSolution
		SolutionGuid = {5F5A612E-50A3-425D-BF12-EA6731AF8B1C}
	EndGlobalSection
EndGlobal
